
Microsoft Visual Studio Solution File, Format Version 12.00
# Visual Studio Version 16
VisualStudioVersion = 16.0.30711.63
MinimumVisualStudioVersion = 10.0.40219.1
Project("{9A19103F-16F7-4668-BE54-9A1E7A4F7556}") = "Bdaya.Net.Responses", "src\Bdaya.Net.Responses.csproj", "{4AF09780-BB04-430F-9523-2645EB7B453B}"
EndProject
Global
	GlobalSection(SolutionConfigurationPlatforms) = preSolution
		Debug|Any CPU = Debug|Any CPU
		Release|Any CPU = Release|Any CPU
	EndGlobalSection
	GlobalSection(ProjectConfigurationPlatforms) = postSolution
		{4AF09780-BB04-430F-9523-2645EB7B453B}.Debug|Any CPU.ActiveCfg = Debug|Any CPU
		{4AF09780-BB04-430F-9523-2645EB7B453B}.Debug|Any CPU.Build.0 = Debug|Any CPU
		{4AF09780-BB04-430F-9523-2645EB7B453B}.Release|Any CPU.ActiveCfg = Release|Any CPU
		{4AF09780-BB04-430F-9523-2645EB7B453B}.Release|Any CPU.Build.0 = Release|Any CPU
	EndGlobalSection
	GlobalSection(SolutionProperties) = preSolution
		HideSolutionNode = FALSE
	EndGlobalSection
	GlobalSection(ExtensibilityGlobals) = postSolution
		SolutionGuid = {39350944-1C64-447D-B986-C7506953203F}
	EndGlobalSection
EndGlobal
